
Microsoft Visual Studio Solution File, Format Version 12.00
# Visual Studio Version 16
VisualStudioVersion = 16.0.29806.167
MinimumVisualStudioVersion = 10.0.40219.1
Project("{FAE04EC0-301F-11D3-BF4B-00C04F79EFBC}") = "SwipeViewBug.Android", "SwipeViewBug.Android\SwipeViewBug.Android.csproj", "{2C9B13D0-F878-40C5-A645-EE01B734CE31}"
EndProject
Project("{FAE04EC0-301F-11D3-BF4B-00C04F79EFBC}") = "SwipeViewBug.iOS", "SwipeViewBug.iOS\SwipeViewBug.iOS.csproj", "{92E75740-961D-4617-92DD-C2C95E926B22}"
EndProject
Project("{FAE04EC0-301F-11D3-BF4B-00C04F79EFBC}") = "SwipeViewBug", "SwipeViewBug\SwipeViewBug.csproj", "{8B630B24-13BC-4372-80C8-6E25114B5EF7}"
EndProject
Global
	GlobalSection(SolutionConfigurationPlatforms) = preSolution
		Debug|Any CPU = Debug|Any CPU
		Debug|iPhone = Debug|iPhone
		Debug|iPhoneSimulator = Debug|iPhoneSimulator
		Release|Any CPU = Release|Any CPU
		Release|iPhone = Release|iPhone
		Release|iPhoneSimulator = Release|iPhoneSimulator
	EndGlobalSection
	GlobalSection(ProjectConfigurationPlatforms) = postSolution
		{2C9B13D0-F878-40C5-A645-EE01B734CE31}.Debug|Any CPU.ActiveCfg = Debug|Any CPU
		{2C9B13D0-F878-40C5-A645-EE01B734CE31}.Debug|Any CPU.Build.0 = Debug|Any CPU
		{2C9B13D0-F878-40C5-A645-EE01B734CE31}.Debug|Any CPU.Deploy.0 = Debug|Any CPU
		{2C9B13D0-F878-40C5-A645-EE01B734CE31}.Debug|iPhone.ActiveCfg = Debug|Any CPU
		{2C9B13D0-F878-40C5-A645-EE01B734CE31}.Debug|iPhone.Build.0 = Debug|Any CPU
		{2C9B13D0-F878-40C5-A645-EE01B734CE31}.Debug|iPhone.Deploy.0 = Debug|Any CPU
		{2C9B13D0-F878-40C5-A645-EE01B734CE31}.Debug|iPhoneSimulator.ActiveCfg = Debug|Any CPU
		{2C9B13D0-F878-40C5-A645-EE01B734CE31}.Debug|iPhoneSimulator.Build.0 = Debug|Any CPU
		{2C9B13D0-F878-40C5-A645-EE01B734CE31}.Debug|iPhoneSimulator.Deploy.0 = Debug|Any CPU
		{2C9B13D0-F878-40C5-A645-EE01B734CE31}.Release|Any CPU.ActiveCfg = Release|Any CPU
		{2C9B13D0-F878-40C5-A645-EE01B734CE31}.Release|Any CPU.Build.0 = Release|Any CPU
		{2C9B13D0-F878-40C5-A645-EE01B734CE31}.Release|Any CPU.Deploy.0 = Release|Any CPU
		{2C9B13D0-F878-40C5-A645-EE01B734CE31}.Release|iPhone.ActiveCfg = Release|Any CPU
		{2C9B13D0-F878-40C5-A645-EE01B734CE31}.Release|iPhone.Build.0 = Release|Any CPU
		{2C9B13D0-F878-40C5-A645-EE01B734CE31}.Release|iPhone.Deploy.0 = Release|Any CPU
		{2C9B13D0-F878-40C5-A645-EE01B734CE31}.Release|iPhoneSimulator.ActiveCfg = Release|Any CPU
		{2C9B13D0-F878-40C5-A645-EE01B734CE31}.Release|iPhoneSimulator.Build.0 = Release|Any CPU
		{2C9B13D0-F878-40C5-A645-EE01B734CE31}.Release|iPhoneSimulator.Deploy.0 = Release|Any CPU
		{92E75740-961D-4617-92DD-C2C95E926B22}.Debug|Any CPU.ActiveCfg = Debug|iPhoneSimulator
		{92E75740-961D-4617-92DD-C2C95E926B22}.Debug|Any CPU.Build.0 = Debug|iPhoneSimulator
		{92E75740-961D-4617-92DD-C2C95E926B22}.Debug|Any CPU.Deploy.0 = Debug|iPhoneSimulator
		{92E75740-961D-4617-92DD-C2C95E926B22}.Debug|iPhone.ActiveCfg = Debug|iPhone
		{92E75740-961D-4617-92DD-C2C95E926B22}.Debug|iPhone.Build.0 = Debug|iPhone
		{92E75740-961D-4617-92DD-C2C95E926B22}.Debug|iPhone.Deploy.0 = Debug|iPhone
		{92E75740-961D-4617-92DD-C2C95E926B22}.Debug|iPhoneSimulator.ActiveCfg = Debug|iPhoneSimulator
		{92E75740-961D-4617-92DD-C2C95E926B22}.Debug|iPhoneSimulator.Build.0 = Debug|iPhoneSimulator
		{92E75740-961D-4617-92DD-C2C95E926B22}.Debug|iPhoneSimulator.Deploy.0 = Debug|iPhoneSimulator
		{92E75740-961D-4617-92DD-C2C95E926B22}.Release|Any CPU.ActiveCfg = Release|iPhone
		{92E75740-961D-4617-92DD-C2C95E926B22}.Release|Any CPU.Build.0 = Release|iPhone
		{92E75740-961D-4617-92DD-C2C95E926B22}.Release|Any CPU.Deploy.0 = Release|iPhone
		{92E75740-961D-4617-92DD-C2C95E926B22}.Release|iPhone.ActiveCfg = Release|iPhone
		{92E75740-961D-4617-92DD-C2C95E926B22}.Release|iPhone.Build.0 = Release|iPhone
		{92E75740-961D-4617-92DD-C2C95E926B22}.Release|iPhone.Deploy.0 = Release|iPhone
		{92E75740-961D-4617-92DD-C2C95E926B22}.Release|iPhoneSimulator.ActiveCfg = Release|iPhoneSimulator
		{92E75740-961D-4617-92DD-C2C95E926B22}.Release|iPhoneSimulator.Build.0 = Release|iPhoneSimulator
		{92E75740-961D-4617-92DD-C2C95E926B22}.Release|iPhoneSimulator.Deploy.0 = Release|iPhoneSimulator
		{8B630B24-13BC-4372-80C8-6E25114B5EF7}.Debug|Any CPU.ActiveCfg = Debug|Any CPU
		{8B630B24-13BC-4372-80C8-6E25114B5EF7}.Debug|Any CPU.Build.0 = Debug|Any CPU
		{8B630B24-13BC-4372-80C8-6E25114B5EF7}.Debug|Any CPU.Deploy.0 = Debug|Any CPU
		{8B630B24-13BC-4372-80C8-6E25114B5EF7}.Debug|iPhone.ActiveCfg = Debug|Any CPU
		{8B630B24-13BC-4372-80C8-6E25114B5EF7}.Debug|iPhone.Build.0 = Debug|Any CPU
		{8B630B24-13BC-4372-80C8-6E25114B5EF7}.Debug|iPhone.Deploy.0 = Debug|Any CPU
		{8B630B24-13BC-4372-80C8-6E25114B5EF7}.Debug|iPhoneSimulator.ActiveCfg = Debug|Any CPU
		{8B630B24-13BC-4372-80C8-6E25114B5EF7}.Debug|iPhoneSimulator.Build.0 = Debug|Any CPU
		{8B630B24-13BC-4372-80C8-6E25114B5EF7}.Debug|iPhoneSimulator.Deploy.0 = Debug|Any CPU
		{8B630B24-13BC-4372-80C8-6E25114B5EF7}.Release|Any CPU.ActiveCfg = Release|Any CPU
		{8B630B24-13BC-4372-80C8-6E25114B5EF7}.Release|Any CPU.Build.0 = Release|Any CPU
		{8B630B24-13BC-4372-80C8-6E25114B5EF7}.Release|Any CPU.Deploy.0 = Release|Any CPU
		{8B630B24-13BC-4372-80C8-6E25114B5EF7}.Release|iPhone.ActiveCfg = Release|Any CPU
		{8B630B24-13BC-4372-80C8-6E25114B5EF7}.Release|iPhone.Build.0 = Release|Any CPU
		{8B630B24-13BC-4372-80C8-6E25114B5EF7}.Release|iPhone.Deploy.0 = Release|Any CPU
		{8B630B24-13BC-4372-80C8-6E25114B5EF7}.Release|iPhoneSimulator.ActiveCfg = Release|Any CPU
		{8B630B24-13BC-4372-80C8-6E25114B5EF7}.Release|iPhoneSimulator.Build.0 = Release|Any CPU
		{8B630B24-13BC-4372-80C8-6E25114B5EF7}.Release|iPhoneSimulator.Deploy.0 = Release|Any CPU
	EndGlobalSection
	GlobalSection(SolutionProperties) = preSolution
		HideSolutionNode = FALSE
	EndGlobalSection
	GlobalSection(ExtensibilityGlobals) = postSolution
		SolutionGuid = {6C0C3CB1-5912-4D78-A127-9D6B88BCE24A}
	EndGlobalSection
EndGlobal
